// !$*UTF8*$!
{
	archiveVersion = 1;
	classes = {
	};
	objectVersion = 46;
	objects = {

/* Begin PBXBuildFile section */
		48ADC44FFB1449249D876401 /* libPods.a in Frameworks */ = {isa = PBXBuildFile; fileRef = 7CB1AD35DA9A417EB811C714 /* libPods.a */; };
		93768C9718F1DF1A006F7250 /* WIKAPIClient.m in Sources */ = {isa = PBXBuildFile; fileRef = 93768C9618F1DF1A006F7250 /* WIKAPIClient.m */; };
		93D7AD3618F1EE3C0056A0AF /* WIKViewController.m in Sources */ = {isa = PBXBuildFile; fileRef = 93D7AD3518F1EE3C0056A0AF /* WIKViewController.m */; };
		93D7AD3918F1F2610056A0AF /* WIKXMLDocumentResponseSerializer.m in Sources */ = {isa = PBXBuildFile; fileRef = 93D7AD3818F1F2610056A0AF /* WIKXMLDocumentResponseSerializer.m */; };
		93D7AD3C18F1FA270056A0AF /* WIKTableViewCell.m in Sources */ = {isa = PBXBuildFile; fileRef = 93D7AD3B18F1FA260056A0AF /* WIKTableViewCell.m */; };
		93F281CB18F1DEA900429328 /* Foundation.framework in Frameworks */ = {isa = PBXBuildFile; fileRef = 93F281CA18F1DEA900429328 /* Foundation.framework */; };
		93F281CD18F1DEA900429328 /* CoreGraphics.framework in Frameworks */ = {isa = PBXBuildFile; fileRef = 93F281CC18F1DEA900429328 /* CoreGraphics.framework */; };
		93F281CF18F1DEA900429328 /* UIKit.framework in Frameworks */ = {isa = PBXBuildFile; fileRef = 93F281CE18F1DEA900429328 /* UIKit.framework */; };
		93F281D518F1DEA900429328 /* InfoPlist.strings in Resources */ = {isa = PBXBuildFile; fileRef = 93F281D318F1DEA900429328 /* InfoPlist.strings */; };
		93F281D718F1DEA900429328 /* main.m in Sources */ = {isa = PBXBuildFile; fileRef = 93F281D618F1DEA900429328 /* main.m */; };
		93F281DB18F1DEA900429328 /* WIKAppDelegate.m in Sources */ = {isa = PBXBuildFile; fileRef = 93F281DA18F1DEA900429328 /* WIKAppDelegate.m */; };
		93F281DD18F1DEA900429328 /* Images.xcassets in Resources */ = {isa = PBXBuildFile; fileRef = 93F281DC18F1DEA900429328 /* Images.xcassets */; };
		93F281E418F1DEA900429328 /* XCTest.framework in Frameworks */ = {isa = PBXBuildFile; fileRef = 93F281E318F1DEA900429328 /* XCTest.framework */; };
		93F281E518F1DEA900429328 /* Foundation.framework in Frameworks */ = {isa = PBXBuildFile; fileRef = 93F281CA18F1DEA900429328 /* Foundation.framework */; };
		93F281E618F1DEA900429328 /* UIKit.framework in Frameworks */ = {isa = PBXBuildFile; fileRef = 93F281CE18F1DEA900429328 /* UIKit.framework */; };
		93F281EE18F1DEA900429328 /* InfoPlist.strings in Resources */ = {isa = PBXBuildFile; fileRef = 93F281EC18F1DEA900429328 /* InfoPlist.strings */; };
		93F281F018F1DEA900429328 /* WickTests.m in Sources */ = {isa = PBXBuildFile; fileRef = 93F281EF18F1DEA900429328 /* WickTests.m */; };
/* End PBXBuildFile section */

/* Begin PBXContainerItemProxy section */
		93F281E718F1DEA900429328 /* PBXContainerItemProxy */ = {
			isa = PBXContainerItemProxy;
			containerPortal = 93F281BF18F1DEA900429328 /* Project object */;
			proxyType = 1;
			remoteGlobalIDString = 93F281C618F1DEA900429328;
			remoteInfo = Wick;
		};
/* End PBXContainerItemProxy section */

/* Begin PBXFileReference section */
		13BF255F9A894825A813F479 /* Pods.xcconfig */ = {isa = PBXFileReference; includeInIndex = 1; lastKnownFileType = text.xcconfig; name = Pods.xcconfig; path = Pods/Pods.xcconfig; sourceTree = "<group>"; };
		7CB1AD35DA9A417EB811C714 /* libPods.a */ = {isa = PBXFileReference; explicitFileType = archive.ar; includeInIndex = 0; path = libPods.a; sourceTree = BUILT_PRODUCTS_DIR; };
		93768C9518F1DF1A006F7250 /* WIKAPIClient.h */ = {isa = PBXFileReference; fileEncoding = 4; lastKnownFileType = sourcecode.c.h; path = WIKAPIClient.h; sourceTree = "<group>"; };
		93768C9618F1DF1A006F7250 /* WIKAPIClient.m */ = {isa = PBXFileReference; fileEncoding = 4; lastKnownFileType = sourcecode.c.objc; path = WIKAPIClient.m; sourceTree = "<group>"; };
		93D7AD3418F1EE3C0056A0AF /* WIKViewController.h */ = {isa = PBXFileReference; fileEncoding = 4; lastKnownFileType = sourcecode.c.h; path = WIKViewController.h; sourceTree = "<group>"; };
		93D7AD3518F1EE3C0056A0AF /* WIKViewController.m */ = {isa = PBXFileReference; fileEncoding = 4; lastKnownFileType = sourcecode.c.objc; path = WIKViewController.m; sourceTree = "<group>"; };
		93D7AD3718F1F2610056A0AF /* WIKXMLDocumentResponseSerializer.h */ = {isa = PBXFileReference; fileEncoding = 4; lastKnownFileType = sourcecode.c.h; path = WIKXMLDocumentResponseSerializer.h; sourceTree = "<group>"; };
		93D7AD3818F1F2610056A0AF /* WIKXMLDocumentResponseSerializer.m */ = {isa = PBXFileReference; fileEncoding = 4; lastKnownFileType = sourcecode.c.objc; path = WIKXMLDocumentResponseSerializer.m; sourceTree = "<group>"; };
		93D7AD3A18F1FA260056A0AF /* WIKTableViewCell.h */ = {isa = PBXFileReference; fileEncoding = 4; lastKnownFileType = sourcecode.c.h; path = WIKTableViewCell.h; sourceTree = "<group>"; };
		93D7AD3B18F1FA260056A0AF /* WIKTableViewCell.m */ = {isa = PBXFileReference; fileEncoding = 4; lastKnownFileType = sourcecode.c.objc; path = WIKTableViewCell.m; sourceTree = "<group>"; };
		93F281C718F1DEA900429328 /* Wick.app */ = {isa = PBXFileReference; explicitFileType = wrapper.application; includeInIndex = 0; path = Wick.app; sourceTree = BUILT_PRODUCTS_DIR; };
		93F281CA18F1DEA900429328 /* Foundation.framework */ = {isa = PBXFileReference; lastKnownFileType = wrapper.framework; name = Foundation.framework; path = System/Library/Frameworks/Foundation.framework; sourceTree = SDKROOT; };
		93F281CC18F1DEA900429328 /* CoreGraphics.framework */ = {isa = PBXFileReference; lastKnownFileType = wrapper.framework; name = CoreGraphics.framework; path = System/Library/Frameworks/CoreGraphics.framework; sourceTree = SDKROOT; };
		93F281CE18F1DEA900429328 /* UIKit.framework */ = {isa = PBXFileReference; lastKnownFileType = wrapper.framework; name = UIKit.framework; path = System/Library/Frameworks/UIKit.framework; sourceTree = SDKROOT; };
		93F281D218F1DEA900429328 /* Wick-Info.plist */ = {isa = PBXFileReference; lastKnownFileType = text.plist.xml; path = "Wick-Info.plist"; sourceTree = "<group>"; };
		93F281D418F1DEA900429328 /* en */ = {isa = PBXFileReference; lastKnownFileType = text.plist.strings; name = en; path = en.lproj/InfoPlist.strings; sourceTree = "<group>"; };
		93F281D618F1DEA900429328 /* main.m */ = {isa = PBXFileReference; lastKnownFileType = sourcecode.c.objc; path = main.m; sourceTree = "<group>"; };
		93F281D818F1DEA900429328 /* Wick-Prefix.pch */ = {isa = PBXFileReference; lastKnownFileType = sourcecode.c.h; path = "Wick-Prefix.pch"; sourceTree = "<group>"; };
		93F281D918F1DEA900429328 /* WIKAppDelegate.h */ = {isa = PBXFileReference; lastKnownFileType = sourcecode.c.h; path = WIKAppDelegate.h; sourceTree = "<group>"; };
		93F281DA18F1DEA900429328 /* WIKAppDelegate.m */ = {isa = PBXFileReference; lastKnownFileType = sourcecode.c.objc; path = WIKAppDelegate.m; sourceTree = "<group>"; };
		93F281DC18F1DEA900429328 /* Images.xcassets */ = {isa = PBXFileReference; lastKnownFileType = folder.assetcatalog; path = Images.xcassets; sourceTree = "<group>"; };
		93F281E218F1DEA900429328 /* WickTests.xctest */ = {isa = PBXFileReference; explicitFileType = wrapper.cfbundle; includeInIndex = 0; path = WickTests.xctest; sourceTree = BUILT_PRODUCTS_DIR; };
		93F281E318F1DEA900429328 /* XCTest.framework */ = {isa = PBXFileReference; lastKnownFileType = wrapper.framework; name = XCTest.framework; path = Library/Frameworks/XCTest.framework; sourceTree = DEVELOPER_DIR; };
		93F281EB18F1DEA900429328 /* WickTests-Info.plist */ = {isa = PBXFileReference; lastKnownFileType = text.plist.xml; path = "WickTests-Info.plist"; sourceTree = "<group>"; };
		93F281ED18F1DEA900429328 /* en */ = {isa = PBXFileReference; lastKnownFileType = text.plist.strings; name = en; path = en.lproj/InfoPlist.strings; sourceTree = "<group>"; };
		93F281EF18F1DEA900429328 /* WickTests.m */ = {isa = PBXFileReference; lastKnownFileType = sourcecode.c.objc; path = WickTests.m; sourceTree = "<group>"; };
/* End PBXFileReference section */

/* Begin PBXFrameworksBuildPhase section */
		93F281C418F1DEA900429328 /* Frameworks */ = {
			isa = PBXFrameworksBuildPhase;
			buildActionMask = 2147483647;
			files = (
				93F281CD18F1DEA900429328 /* CoreGraphics.framework in Frameworks */,
				93F281CF18F1DEA900429328 /* UIKit.framework in Frameworks */,
				93F281CB18F1DEA900429328 /* Foundation.framework in Frameworks */,
				48ADC44FFB1449249D876401 /* libPods.a in Frameworks */,
			);
			runOnlyForDeploymentPostprocessing = 0;
		};
		93F281DF18F1DEA900429328 /* Frameworks */ = {
			isa = PBXFrameworksBuildPhase;
			buildActionMask = 2147483647;
			files = (
				93F281E418F1DEA900429328 /* XCTest.framework in Frameworks */,
				93F281E618F1DEA900429328 /* UIKit.framework in Frameworks */,
				93F281E518F1DEA900429328 /* Foundation.framework in Frameworks */,
			);
			runOnlyForDeploymentPostprocessing = 0;
		};
/* End PBXFrameworksBuildPhase section */

/* Begin PBXGroup section */
		93F281BE18F1DEA900429328 = {
			isa = PBXGroup;
			children = (
				93F281D018F1DEA900429328 /* Wick */,
				93F281E918F1DEA900429328 /* WickTests */,
				93F281C918F1DEA900429328 /* Frameworks */,
				93F281C818F1DEA900429328 /* Products */,
				13BF255F9A894825A813F479 /* Pods.xcconfig */,
			);
			sourceTree = "<group>";
		};
		93F281C818F1DEA900429328 /* Products */ = {
			isa = PBXGroup;
			children = (
				93F281C718F1DEA900429328 /* Wick.app */,
				93F281E218F1DEA900429328 /* WickTests.xctest */,
			);
			name = Products;
			sourceTree = "<group>";
		};
		93F281C918F1DEA900429328 /* Frameworks */ = {
			isa = PBXGroup;
			children = (
				93F281CA18F1DEA900429328 /* Foundation.framework */,
				93F281CC18F1DEA900429328 /* CoreGraphics.framework */,
				93F281CE18F1DEA900429328 /* UIKit.framework */,
				93F281E318F1DEA900429328 /* XCTest.framework */,
				7CB1AD35DA9A417EB811C714 /* libPods.a */,
			);
			name = Frameworks;
			sourceTree = "<group>";
		};
		93F281D018F1DEA900429328 /* Wick */ = {
			isa = PBXGroup;
			children = (
				93F281D918F1DEA900429328 /* WIKAppDelegate.h */,
				93F281DA18F1DEA900429328 /* WIKAppDelegate.m */,
				93768C9518F1DF1A006F7250 /* WIKAPIClient.h */,
				93768C9618F1DF1A006F7250 /* WIKAPIClient.m */,
				93D7AD3A18F1FA260056A0AF /* WIKTableViewCell.h */,
				93D7AD3B18F1FA260056A0AF /* WIKTableViewCell.m */,
				93D7AD3418F1EE3C0056A0AF /* WIKViewController.h */,
				93D7AD3518F1EE3C0056A0AF /* WIKViewController.m */,
				93F281DC18F1DEA900429328 /* Images.xcassets */,
				93F281D118F1DEA900429328 /* Supporting Files */,
				93D7AD3718F1F2610056A0AF /* WIKXMLDocumentResponseSerializer.h */,
				93D7AD3818F1F2610056A0AF /* WIKXMLDocumentResponseSerializer.m */,
			);
			path = Wick;
			sourceTree = "<group>";
		};
		93F281D118F1DEA900429328 /* Supporting Files */ = {
			isa = PBXGroup;
			children = (
				93F281D218F1DEA900429328 /* Wick-Info.plist */,
				93F281D318F1DEA900429328 /* InfoPlist.strings */,
				93F281D618F1DEA900429328 /* main.m */,
				93F281D818F1DEA900429328 /* Wick-Prefix.pch */,
			);
			name = "Supporting Files";
			sourceTree = "<group>";
		};
		93F281E918F1DEA900429328 /* WickTests */ = {
			isa = PBXGroup;
			children = (
				93F281EF18F1DEA900429328 /* WickTests.m */,
				93F281EA18F1DEA900429328 /* Supporting Files */,
			);
			path = WickTests;
			sourceTree = "<group>";
		};
		93F281EA18F1DEA900429328 /* Supporting Files */ = {
			isa = PBXGroup;
			children = (
				93F281EB18F1DEA900429328 /* WickTests-Info.plist */,
				93F281EC18F1DEA900429328 /* InfoPlist.strings */,
			);
			name = "Supporting Files";
			sourceTree = "<group>";
		};
/* End PBXGroup section */

/* Begin PBXNativeTarget section */
		93F281C618F1DEA900429328 /* Wick */ = {
			isa = PBXNativeTarget;
			buildConfigurationList = 93F281F318F1DEA900429328 /* Build configuration list for PBXNativeTarget "Wick" */;
			buildPhases = (
				6ECEA21E1CEB4ECD97230318 /* Check Pods Manifest.lock */,
				93F281C318F1DEA900429328 /* Sources */,
				93F281C418F1DEA900429328 /* Frameworks */,
				93F281C518F1DEA900429328 /* Resources */,
				BFD99AE97AD44EA3BF957F2A /* Copy Pods Resources */,
			);
			buildRules = (
			);
			dependencies = (
			);
			name = Wick;
			productName = Wick;
			productReference = 93F281C718F1DEA900429328 /* Wick.app */;
			productType = "com.apple.product-type.application";
		};
		93F281E118F1DEA900429328 /* WickTests */ = {
			isa = PBXNativeTarget;
			buildConfigurationList = 93F281F618F1DEA900429328 /* Build configuration list for PBXNativeTarget "WickTests" */;
			buildPhases = (
				93F281DE18F1DEA900429328 /* Sources */,
				93F281DF18F1DEA900429328 /* Frameworks */,
				93F281E018F1DEA900429328 /* Resources */,
			);
			buildRules = (
			);
			dependencies = (
				93F281E818F1DEA900429328 /* PBXTargetDependency */,
			);
			name = WickTests;
			productName = WickTests;
			productReference = 93F281E218F1DEA900429328 /* WickTests.xctest */;
			productType = "com.apple.product-type.bundle.unit-test";
		};
/* End PBXNativeTarget section */

/* Begin PBXProject section */
		93F281BF18F1DEA900429328 /* Project object */ = {
			isa = PBXProject;
			attributes = {
				CLASSPREFIX = WIK;
				LastUpgradeCheck = 0510;
				ORGANIZATIONNAME = "Bryan Irace";
				TargetAttributes = {
					93F281E118F1DEA900429328 = {
						TestTargetID = 93F281C618F1DEA900429328;
					};
				};
			};
			buildConfigurationList = 93F281C218F1DEA900429328 /* Build configuration list for PBXProject "Wick" */;
			compatibilityVersion = "Xcode 3.2";
			developmentRegion = English;
			hasScannedForEncodings = 0;
			knownRegions = (
				en,
			);
			mainGroup = 93F281BE18F1DEA900429328;
			productRefGroup = 93F281C818F1DEA900429328 /* Products */;
			projectDirPath = "";
			projectRoot = "";
			targets = (
				93F281C618F1DEA900429328 /* Wick */,
				93F281E118F1DEA900429328 /* WickTests */,
			);
		};
/* End PBXProject section */

/* Begin PBXResourcesBuildPhase section */
		93F281C518F1DEA900429328 /* Resources */ = {
			isa = PBXResourcesBuildPhase;
			buildActionMask = 2147483647;
			files = (
				93F281D518F1DEA900429328 /* InfoPlist.strings in Resources */,
				93F281DD18F1DEA900429328 /* Images.xcassets in Resources */,
			);
			runOnlyForDeploymentPostprocessing = 0;
		};
		93F281E018F1DEA900429328 /* Resources */ = {
			isa = PBXResourcesBuildPhase;
			buildActionMask = 2147483647;
			files = (
				93F281EE18F1DEA900429328 /* InfoPlist.strings in Resources */,
			);
			runOnlyForDeploymentPostprocessing = 0;
		};
/* End PBXResourcesBuildPhase section */

/* Begin PBXShellScriptBuildPhase section */
		6ECEA21E1CEB4ECD97230318 /* Check Pods Manifest.lock */ = {
			isa = PBXShellScriptBuildPhase;
			buildActionMask = 2147483647;
			files = (
			);
			inputPaths = (
			);
			name = "Check Pods Manifest.lock";
			outputPaths = (
			);
			runOnlyForDeploymentPostprocessing = 0;
			shellPath = /bin/sh;
			shellScript = "diff \"${PODS_ROOT}/../Podfile.lock\" \"${PODS_ROOT}/Manifest.lock\" > /dev/null\nif [[ $? != 0 ]] ; then\n    cat << EOM\nerror: The sandbox is not in sync with the Podfile.lock. Run 'pod install' or update your CocoaPods installation.\nEOM\n    exit 1\nfi\n";
			showEnvVarsInLog = 0;
		};
		BFD99AE97AD44EA3BF957F2A /* Copy Pods Resources */ = {
			isa = PBXShellScriptBuildPhase;
			buildActionMask = 2147483647;
			files = (
			);
			inputPaths = (
			);
			name = "Copy Pods Resources";
			outputPaths = (
			);
			runOnlyForDeploymentPostprocessing = 0;
			shellPath = /bin/sh;
			shellScript = "\"${SRCROOT}/Pods/Pods-resources.sh\"\n";
			showEnvVarsInLog = 0;
		};
/* End PBXShellScriptBuildPhase section */

/* Begin PBXSourcesBuildPhase section */
		93F281C318F1DEA900429328 /* Sources */ = {
			isa = PBXSourcesBuildPhase;
			buildActionMask = 2147483647;
			files = (
				93D7AD3918F1F2610056A0AF /* WIKXMLDocumentResponseSerializer.m in Sources */,
				93D7AD3618F1EE3C0056A0AF /* WIKViewController.m in Sources */,
				93768C9718F1DF1A006F7250 /* WIKAPIClient.m in Sources */,
				93D7AD3C18F1FA270056A0AF /* WIKTableViewCell.m in Sources */,
				93F281DB18F1DEA900429328 /* WIKAppDelegate.m in Sources */,
				93F281D718F1DEA900429328 /* main.m in Sources */,
			);
			runOnlyForDeploymentPostprocessing = 0;
		};
		93F281DE18F1DEA900429328 /* Sources */ = {
			isa = PBXSourcesBuildPhase;
			buildActionMask = 2147483647;
			files = (
				93F281F018F1DEA900429328 /* WickTests.m in Sources */,
			);
			runOnlyForDeploymentPostprocessing = 0;
		};
/* End PBXSourcesBuildPhase section */

/* Begin PBXTargetDependency section */
		93F281E818F1DEA900429328 /* PBXTargetDependency */ = {
			isa = PBXTargetDependency;
			target = 93F281C618F1DEA900429328 /* Wick */;
			targetProxy = 93F281E718F1DEA900429328 /* PBXContainerItemProxy */;
		};
/* End PBXTargetDependency section */

/* Begin PBXVariantGroup section */
		93F281D318F1DEA900429328 /* InfoPlist.strings */ = {
			isa = PBXVariantGroup;
			children = (
				93F281D418F1DEA900429328 /* en */,
			);
			name = InfoPlist.strings;
			sourceTree = "<group>";
		};
		93F281EC18F1DEA900429328 /* InfoPlist.strings */ = {
			isa = PBXVariantGroup;
			children = (
				93F281ED18F1DEA900429328 /* en */,
			);
			name = InfoPlist.strings;
			sourceTree = "<group>";
		};
/* End PBXVariantGroup section */

/* Begin XCBuildConfiguration section */
		93F281F118F1DEA900429328 /* Debug */ = {
			isa = XCBuildConfiguration;
			buildSettings = {
				ALWAYS_SEARCH_USER_PATHS = NO;
				CLANG_CXX_LANGUAGE_STANDARD = "gnu++0x";
				CLANG_CXX_LIBRARY = "libc++";
				CLANG_ENABLE_MODULES = YES;
				CLANG_ENABLE_OBJC_ARC = YES;
				CLANG_WARN_BOOL_CONVERSION = YES;
				CLANG_WARN_CONSTANT_CONVERSION = YES;
				CLANG_WARN_DIRECT_OBJC_ISA_USAGE = YES_ERROR;
				CLANG_WARN_EMPTY_BODY = YES;
				CLANG_WARN_ENUM_CONVERSION = YES;
				CLANG_WARN_INT_CONVERSION = YES;
				CLANG_WARN_OBJC_ROOT_CLASS = YES_ERROR;
				CLANG_WARN__DUPLICATE_METHOD_MATCH = YES;
				"CODE_SIGN_IDENTITY[sdk=iphoneos*]" = "iPhone Developer";
				COPY_PHASE_STRIP = NO;
				GCC_C_LANGUAGE_STANDARD = gnu99;
				GCC_DYNAMIC_NO_PIC = NO;
				GCC_OPTIMIZATION_LEVEL = 0;
				GCC_PREPROCESSOR_DEFINITIONS = (
					"DEBUG=1",
					"$(inherited)",
				);
				GCC_SYMBOLS_PRIVATE_EXTERN = NO;
				GCC_WARN_64_TO_32_BIT_CONVERSION = YES;
				GCC_WARN_ABOUT_RETURN_TYPE = YES_ERROR;
				GCC_WARN_UNDECLARED_SELECTOR = YES;
				GCC_WARN_UNINITIALIZED_AUTOS = YES_AGGRESSIVE;
				GCC_WARN_UNUSED_FUNCTION = YES;
				GCC_WARN_UNUSED_VARIABLE = YES;
				IPHONEOS_DEPLOYMENT_TARGET = 7.1;
				ONLY_ACTIVE_ARCH = YES;
				SDKROOT = iphoneos;
			};
			name = Debug;
		};
		93F281F218F1DEA900429328 /* Release */ = {
			isa = XCBuildConfiguration;
			buildSettings = {
				ALWAYS_SEARCH_USER_PATHS = NO;
				CLANG_CXX_LANGUAGE_STANDARD = "gnu++0x";
				CLANG_CXX_LIBRARY = "libc++";
				CLANG_ENABLE_MODULES = YES;
				CLANG_ENABLE_OBJC_ARC = YES;
				CLANG_WARN_BOOL_CONVERSION = YES;
				CLANG_WARN_CONSTANT_CONVERSION = YES;
				CLANG_WARN_DIRECT_OBJC_ISA_USAGE = YES_ERROR;
				CLANG_WARN_EMPTY_BODY = YES;
				CLANG_WARN_ENUM_CONVERSION = YES;
				CLANG_WARN_INT_CONVERSION = YES;
				CLANG_WARN_OBJC_ROOT_CLASS = YES_ERROR;
				CLANG_WARN__DUPLICATE_METHOD_MATCH = YES;
				"CODE_SIGN_IDENTITY[sdk=iphoneos*]" = "iPhone Developer";
				COPY_PHASE_STRIP = YES;
				ENABLE_NS_ASSERTIONS = NO;
				GCC_C_LANGUAGE_STANDARD = gnu99;
				GCC_WARN_64_TO_32_BIT_CONVERSION = YES;
				GCC_WARN_ABOUT_RETURN_TYPE = YES_ERROR;
				GCC_WARN_UNDECLARED_SELECTOR = YES;
				GCC_WARN_UNINITIALIZED_AUTOS = YES_AGGRESSIVE;
				GCC_WARN_UNUSED_FUNCTION = YES;
				GCC_WARN_UNUSED_VARIABLE = YES;
				IPHONEOS_DEPLOYMENT_TARGET = 7.1;
				SDKROOT = iphoneos;
				VALIDATE_PRODUCT = YES;
			};
			name = Release;
		};
		93F281F418F1DEA900429328 /* Debug */ = {
			isa = XCBuildConfiguration;
			baseConfigurationReference = 13BF255F9A894825A813F479 /* Pods.xcconfig */;
			buildSettings = {
				ASSETCATALOG_COMPILER_APPICON_NAME = AppIcon;
				ASSETCATALOG_COMPILER_LAUNCHIMAGE_NAME = LaunchImage;
				GCC_PRECOMPILE_PREFIX_HEADER = YES;
				GCC_PREFIX_HEADER = "Wick/Wick-Prefix.pch";
				INFOPLIST_FILE = "Wick/Wick-Info.plist";
				PRODUCT_NAME = "$(TARGET_NAME)";
				WRAPPER_EXTENSION = app;
			};
			name = Debug;
		};
		93F281F518F1DEA900429328 /* Release */ = {
			isa = XCBuildConfiguration;
			baseConfigurationReference = 13BF255F9A894825A813F479 /* Pods.xcconfig */;
			buildSettings = {
				ASSETCATALOG_COMPILER_APPICON_NAME = AppIcon;
				ASSETCATALOG_COMPILER_LAUNCHIMAGE_NAME = LaunchImage;
				GCC_PRECOMPILE_PREFIX_HEADER = YES;
				GCC_PREFIX_HEADER = "Wick/Wick-Prefix.pch";
				INFOPLIST_FILE = "Wick/Wick-Info.plist";
				PRODUCT_NAME = "$(TARGET_NAME)";
				WRAPPER_EXTENSION = app;
			};
			name = Release;
		};
		93F281F718F1DEA900429328 /* Debug */ = {
			isa = XCBuildConfiguration;
			buildSettings = {
				BUNDLE_LOADER = "$(BUILT_PRODUCTS_DIR)/Wick.app/Wick";
				FRAMEWORK_SEARCH_PATHS = (
					"$(SDKROOT)/Developer/Library/Frameworks",
					"$(inherited)",
					"$(DEVELOPER_FRAMEWORKS_DIR)",
				);
				GCC_PRECOMPILE_PREFIX_HEADER = YES;
				GCC_PREFIX_HEADER = "Wick/Wick-Prefix.pch";
				GCC_PREPROCESSOR_DEFINITIONS = (
					"DEBUG=1",
					"$(inherited)",
				);
				INFOPLIST_FILE = "WickTests/WickTests-Info.plist";
				PRODUCT_NAME = "$(TARGET_NAME)";
				TEST_HOST = "$(BUNDLE_LOADER)";
				WRAPPER_EXTENSION = xctest;
			};
			name = Debug;
		};
		93F281F818F1DEA900429328 /* Release */ = {
			isa = XCBuildConfiguration;
			buildSettings = {
				BUNDLE_LOADER = "$(BUILT_PRODUCTS_DIR)/Wick.app/Wick";
				FRAMEWORK_SEARCH_PATHS = (
					"$(SDKROOT)/Developer/Library/Frameworks",
					"$(inherited)",
					"$(DEVELOPER_FRAMEWORKS_DIR)",
				);
				GCC_PRECOMPILE_PREFIX_HEADER = YES;
				GCC_PREFIX_HEADER = "Wick/Wick-Prefix.pch";
				INFOPLIST_FILE = "WickTests/WickTests-Info.plist";
				PRODUCT_NAME = "$(TARGET_NAME)";
				TEST_HOST = "$(BUNDLE_LOADER)";
				WRAPPER_EXTENSION = xctest;
			};
			name = Release;
		};
/* End XCBuildConfiguration section */

/* Begin XCConfigurationList section */
		93F281C218F1DEA900429328 /* Build configuration list for PBXProject "Wick" */ = {
			isa = XCConfigurationList;
			buildConfigurations = (
				93F281F118F1DEA900429328 /* Debug */,
				93F281F218F1DEA900429328 /* Release */,
			);
			defaultConfigurationIsVisible = 0;
			defaultConfigurationName = Release;
		};
		93F281F318F1DEA900429328 /* Build configuration list for PBXNativeTarget "Wick" */ = {
			isa = XCConfigurationList;
			buildConfigurations = (
				93F281F418F1DEA900429328 /* Debug */,
				93F281F518F1DEA900429328 /* Release */,
			);
			defaultConfigurationIsVisible = 0;
			defaultConfigurationName = Release;
		};
		93F281F618F1DEA900429328 /* Build configuration list for PBXNativeTarget "WickTests" */ = {
			isa = XCConfigurationList;
			buildConfigurations = (
				93F281F718F1DEA900429328 /* Debug */,
				93F281F818F1DEA900429328 /* Release */,
			);
			defaultConfigurationIsVisible = 0;
			defaultConfigurationName = Release;
		};
/* End XCConfigurationList section */
	};
	rootObject = 93F281BF18F1DEA900429328 /* Project object */;
}
